// !$*UTF8*$!
{
	archiveVersion = 1;
	classes = {
	};
	objectVersion = 56;
	objects = {

/* Begin PBXBuildFile section */
		5B2B38FB29DE388D001B3068 /* NaverAPI.swift in Sources */ = {isa = PBXBuildFile; fileRef = 5B2B38FA29DE388D001B3068 /* NaverAPI.swift */; };
		5B2B390129DE39A9001B3068 /* Moya in Frameworks */ = {isa = PBXBuildFile; productRef = 5B2B390029DE39A9001B3068 /* Moya */; };
		5B570D8229DEC43500C35855 /* NaverRequest.swift in Sources */ = {isa = PBXBuildFile; fileRef = 5B570D8129DEC43500C35855 /* NaverRequest.swift */; };
		5B570D8529DEC48B00C35855 /* NaverResponse.swift in Sources */ = {isa = PBXBuildFile; fileRef = 5B570D8429DEC48B00C35855 /* NaverResponse.swift */; };
		5B570D8929DED28300C35855 /* ChatAPI.swift in Sources */ = {isa = PBXBuildFile; fileRef = 5B570D8829DED28300C35855 /* ChatAPI.swift */; };
		5B570D8B29DED39100C35855 /* ChatResponse.swift in Sources */ = {isa = PBXBuildFile; fileRef = 5B570D8A29DED39100C35855 /* ChatResponse.swift */; };
		5B570D8D29DEDBB400C35855 /* ChatRequest.swift in Sources */ = {isa = PBXBuildFile; fileRef = 5B570D8C29DEDBB400C35855 /* ChatRequest.swift */; };
		5BCFF17029DA488B0077622C /* AppDelegate.swift in Sources */ = {isa = PBXBuildFile; fileRef = 5BCFF16F29DA488B0077622C /* AppDelegate.swift */; };
		5BCFF17229DA488B0077622C /* SceneDelegate.swift in Sources */ = {isa = PBXBuildFile; fileRef = 5BCFF17129DA488B0077622C /* SceneDelegate.swift */; };
		5BCFF17429DA488B0077622C /* ViewController.swift in Sources */ = {isa = PBXBuildFile; fileRef = 5BCFF17329DA488B0077622C /* ViewController.swift */; };
		5BCFF17729DA488B0077622C /* Main.storyboard in Resources */ = {isa = PBXBuildFile; fileRef = 5BCFF17529DA488B0077622C /* Main.storyboard */; };
		5BCFF17929DA488F0077622C /* Assets.xcassets in Resources */ = {isa = PBXBuildFile; fileRef = 5BCFF17829DA488F0077622C /* Assets.xcassets */; };
		5BCFF17C29DA488F0077622C /* LaunchScreen.storyboard in Resources */ = {isa = PBXBuildFile; fileRef = 5BCFF17A29DA488F0077622C /* LaunchScreen.storyboard */; };
/* End PBXBuildFile section */

/* Begin PBXFileReference section */
		5B2B38FA29DE388D001B3068 /* NaverAPI.swift */ = {isa = PBXFileReference; lastKnownFileType = sourcecode.swift; path = NaverAPI.swift; sourceTree = "<group>"; };
		5B570D8129DEC43500C35855 /* NaverRequest.swift */ = {isa = PBXFileReference; lastKnownFileType = sourcecode.swift; path = NaverRequest.swift; sourceTree = "<group>"; };
		5B570D8429DEC48B00C35855 /* NaverResponse.swift */ = {isa = PBXFileReference; lastKnownFileType = sourcecode.swift; path = NaverResponse.swift; sourceTree = "<group>"; };
		5B570D8829DED28300C35855 /* ChatAPI.swift */ = {isa = PBXFileReference; lastKnownFileType = sourcecode.swift; path = ChatAPI.swift; sourceTree = "<group>"; };
		5B570D8A29DED39100C35855 /* ChatResponse.swift */ = {isa = PBXFileReference; lastKnownFileType = sourcecode.swift; path = ChatResponse.swift; sourceTree = "<group>"; };
		5B570D8C29DEDBB400C35855 /* ChatRequest.swift */ = {isa = PBXFileReference; lastKnownFileType = sourcecode.swift; path = ChatRequest.swift; sourceTree = "<group>"; };
		5BCFF16C29DA488B0077622C /* JolupTest.app */ = {isa = PBXFileReference; explicitFileType = wrapper.application; includeInIndex = 0; path = JolupTest.app; sourceTree = BUILT_PRODUCTS_DIR; };
		5BCFF16F29DA488B0077622C /* AppDelegate.swift */ = {isa = PBXFileReference; lastKnownFileType = sourcecode.swift; path = AppDelegate.swift; sourceTree = "<group>"; };
		5BCFF17129DA488B0077622C /* SceneDelegate.swift */ = {isa = PBXFileReference; lastKnownFileType = sourcecode.swift; path = SceneDelegate.swift; sourceTree = "<group>"; };
		5BCFF17329DA488B0077622C /* ViewController.swift */ = {isa = PBXFileReference; lastKnownFileType = sourcecode.swift; path = ViewController.swift; sourceTree = "<group>"; };
		5BCFF17629DA488B0077622C /* Base */ = {isa = PBXFileReference; lastKnownFileType = file.storyboard; name = Base; path = Base.lproj/Main.storyboard; sourceTree = "<group>"; };
		5BCFF17829DA488F0077622C /* Assets.xcassets */ = {isa = PBXFileReference; lastKnownFileType = folder.assetcatalog; path = Assets.xcassets; sourceTree = "<group>"; };
		5BCFF17B29DA488F0077622C /* Base */ = {isa = PBXFileReference; lastKnownFileType = file.storyboard; name = Base; path = Base.lproj/LaunchScreen.storyboard; sourceTree = "<group>"; };
		5BCFF17D29DA488F0077622C /* Info.plist */ = {isa = PBXFileReference; lastKnownFileType = text.plist.xml; path = Info.plist; sourceTree = "<group>"; };
/* End PBXFileReference section */

/* Begin PBXFrameworksBuildPhase section */
		5BCFF16929DA488B0077622C /* Frameworks */ = {
			isa = PBXFrameworksBuildPhase;
			buildActionMask = 2147483647;
			files = (
				5B2B390129DE39A9001B3068 /* Moya in Frameworks */,
			);
			runOnlyForDeploymentPostprocessing = 0;
		};
/* End PBXFrameworksBuildPhase section */

/* Begin PBXGroup section */
		5B570D8329DEC45600C35855 /* Network */ = {
			isa = PBXGroup;
			children = (
				5B570D8729DEC6B300C35855 /* ChatGPT */,
				5B570D8629DEC49400C35855 /* NaverAnalyze */,
			);
			path = Network;
			sourceTree = "<group>";
		};
		5B570D8629DEC49400C35855 /* NaverAnalyze */ = {
			isa = PBXGroup;
			children = (
				5B2B38FA29DE388D001B3068 /* NaverAPI.swift */,
				5B570D8129DEC43500C35855 /* NaverRequest.swift */,
				5B570D8429DEC48B00C35855 /* NaverResponse.swift */,
			);
			path = NaverAnalyze;
			sourceTree = "<group>";
		};
		5B570D8729DEC6B300C35855 /* ChatGPT */ = {
			isa = PBXGroup;
			children = (
				5B570D8829DED28300C35855 /* ChatAPI.swift */,
				5B570D8C29DEDBB400C35855 /* ChatRequest.swift */,
				5B570D8A29DED39100C35855 /* ChatResponse.swift */,
			);
			path = ChatGPT;
			sourceTree = "<group>";
		};
		5BCFF16329DA488B0077622C = {
			isa = PBXGroup;
			children = (
				5BCFF16E29DA488B0077622C /* JolupTest */,
				5BCFF16D29DA488B0077622C /* Products */,
			);
			sourceTree = "<group>";
		};
		5BCFF16D29DA488B0077622C /* Products */ = {
			isa = PBXGroup;
			children = (
				5BCFF16C29DA488B0077622C /* JolupTest.app */,
			);
			name = Products;
			sourceTree = "<group>";
		};
		5BCFF16E29DA488B0077622C /* JolupTest */ = {
			isa = PBXGroup;
			children = (
				5B570D8329DEC45600C35855 /* Network */,
				5BCFF16F29DA488B0077622C /* AppDelegate.swift */,
				5BCFF17129DA488B0077622C /* SceneDelegate.swift */,
				5BCFF17329DA488B0077622C /* ViewController.swift */,
				5BCFF17529DA488B0077622C /* Main.storyboard */,
				5BCFF17A29DA488F0077622C /* LaunchScreen.storyboard */,
				5BCFF17829DA488F0077622C /* Assets.xcassets */,
				5BCFF17D29DA488F0077622C /* Info.plist */,
			);
			path = JolupTest;
			sourceTree = "<group>";
		};
/* End PBXGroup section */

/* Begin PBXNativeTarget section */
		5BCFF16B29DA488B0077622C /* JolupTest */ = {
			isa = PBXNativeTarget;
			buildConfigurationList = 5BCFF18029DA488F0077622C /* Build configuration list for PBXNativeTarget "JolupTest" */;
			buildPhases = (
				5BCFF16829DA488B0077622C /* Sources */,
				5BCFF16929DA488B0077622C /* Frameworks */,
				5BCFF16A29DA488B0077622C /* Resources */,
			);
			buildRules = (
			);
			dependencies = (
			);
			name = JolupTest;
			packageProductDependencies = (
				5B2B390029DE39A9001B3068 /* Moya */,
			);
			productName = JolupTest;
			productReference = 5BCFF16C29DA488B0077622C /* JolupTest.app */;
			productType = "com.apple.product-type.application";
		};
/* End PBXNativeTarget section */

/* Begin PBXProject section */
		5BCFF16429DA488B0077622C /* Project object */ = {
			isa = PBXProject;
			attributes = {
				BuildIndependentTargetsInParallel = 1;
				LastSwiftUpdateCheck = 1420;
				LastUpgradeCheck = 1420;
				TargetAttributes = {
					5BCFF16B29DA488B0077622C = {
						CreatedOnToolsVersion = 14.2;
					};
				};
			};
			buildConfigurationList = 5BCFF16729DA488B0077622C /* Build configuration list for PBXProject "JolupTest" */;
			compatibilityVersion = "Xcode 14.0";
			developmentRegion = en;
			hasScannedForEncodings = 0;
			knownRegions = (
				en,
				Base,
			);
			mainGroup = 5BCFF16329DA488B0077622C;
			packageReferences = (
				5B2B38FF29DE39A9001B3068 /* XCRemoteSwiftPackageReference "Moya" */,
			);
			productRefGroup = 5BCFF16D29DA488B0077622C /* Products */;
			projectDirPath = "";
			projectRoot = "";
			targets = (
				5BCFF16B29DA488B0077622C /* JolupTest */,
			);
		};
/* End PBXProject section */

/* Begin PBXResourcesBuildPhase section */
		5BCFF16A29DA488B0077622C /* Resources */ = {
			isa = PBXResourcesBuildPhase;
			buildActionMask = 2147483647;
			files = (
				5BCFF17C29DA488F0077622C /* LaunchScreen.storyboard in Resources */,
				5BCFF17929DA488F0077622C /* Assets.xcassets in Resources */,
				5BCFF17729DA488B0077622C /* Main.storyboard in Resources */,
			);
			runOnlyForDeploymentPostprocessing = 0;
		};
/* End PBXResourcesBuildPhase section */

/* Begin PBXSourcesBuildPhase section */
		5BCFF16829DA488B0077622C /* Sources */ = {
			isa = PBXSourcesBuildPhase;
			buildActionMask = 2147483647;
			files = (
				5BCFF17429DA488B0077622C /* ViewController.swift in Sources */,
				5B2B38FB29DE388D001B3068 /* NaverAPI.swift in Sources */,
				5B570D8B29DED39100C35855 /* ChatResponse.swift in Sources */,
				5BCFF17029DA488B0077622C /* AppDelegate.swift in Sources */,
				5B570D8929DED28300C35855 /* ChatAPI.swift in Sources */,
				5B570D8D29DEDBB400C35855 /* ChatRequest.swift in Sources */,
				5B570D8229DEC43500C35855 /* NaverRequest.swift in Sources */,
				5B570D8529DEC48B00C35855 /* NaverResponse.swift in Sources */,
				5BCFF17229DA488B0077622C /* SceneDelegate.swift in Sources */,
			);
			runOnlyForDeploymentPostprocessing = 0;
		};
/* End PBXSourcesBuildPhase section */

/* Begin PBXVariantGroup section */
		5BCFF17529DA488B0077622C /* Main.storyboard */ = {
			isa = PBXVariantGroup;
			children = (
				5BCFF17629DA488B0077622C /* Base */,
			);
			name = Main.storyboard;
			sourceTree = "<group>";
		};
		5BCFF17A29DA488F0077622C /* LaunchScreen.storyboard */ = {
			isa = PBXVariantGroup;
			children = (
				5BCFF17B29DA488F0077622C /* Base */,
			);
			name = LaunchScreen.storyboard;
			sourceTree = "<group>";
		};
/* End PBXVariantGroup section */

/* Begin XCBuildConfiguration section */
		5BCFF17E29DA488F0077622C /* Debug */ = {
			isa = XCBuildConfiguration;
			buildSettings = {
				ALWAYS_SEARCH_USER_PATHS = NO;
				CLANG_ANALYZER_NONNULL = YES;
				CLANG_ANALYZER_NUMBER_OBJECT_CONVERSION = YES_AGGRESSIVE;
				CLANG_CXX_LANGUAGE_STANDARD = "gnu++20";
				CLANG_ENABLE_MODULES = YES;
				CLANG_ENABLE_OBJC_ARC = YES;
				CLANG_ENABLE_OBJC_WEAK = YES;
				CLANG_WARN_BLOCK_CAPTURE_AUTORELEASING = YES;
				CLANG_WARN_BOOL_CONVERSION = YES;
				CLANG_WARN_COMMA = YES;
				CLANG_WARN_CONSTANT_CONVERSION = YES;
				CLANG_WARN_DEPRECATED_OBJC_IMPLEMENTATIONS = YES;
				CLANG_WARN_DIRECT_OBJC_ISA_USAGE = YES_ERROR;
				CLANG_WARN_DOCUMENTATION_COMMENTS = YES;
				CLANG_WARN_EMPTY_BODY = YES;
				CLANG_WARN_ENUM_CONVERSION = YES;
				CLANG_WARN_INFINITE_RECURSION = YES;
				CLANG_WARN_INT_CONVERSION = YES;
				CLANG_WARN_NON_LITERAL_NULL_CONVERSION = YES;
				CLANG_WARN_OBJC_IMPLICIT_RETAIN_SELF = YES;
				CLANG_WARN_OBJC_LITERAL_CONVERSION = YES;
				CLANG_WARN_OBJC_ROOT_CLASS = YES_ERROR;
				CLANG_WARN_QUOTED_INCLUDE_IN_FRAMEWORK_HEADER = YES;
				CLANG_WARN_RANGE_LOOP_ANALYSIS = YES;
				CLANG_WARN_STRICT_PROTOTYPES = YES;
				CLANG_WARN_SUSPICIOUS_MOVE = YES;
				CLANG_WARN_UNGUARDED_AVAILABILITY = YES_AGGRESSIVE;
				CLANG_WARN_UNREACHABLE_CODE = YES;
				CLANG_WARN__DUPLICATE_METHOD_MATCH = YES;
				COPY_PHASE_STRIP = NO;
				DEBUG_INFORMATION_FORMAT = dwarf;
				ENABLE_STRICT_OBJC_MSGSEND = YES;
				ENABLE_TESTABILITY = YES;
				GCC_C_LANGUAGE_STANDARD = gnu11;
				GCC_DYNAMIC_NO_PIC = NO;
				GCC_NO_COMMON_BLOCKS = YES;
				GCC_OPTIMIZATION_LEVEL = 0;
				GCC_PREPROCESSOR_DEFINITIONS = (
					"DEBUG=1",
					"$(inherited)",
				);
				GCC_WARN_64_TO_32_BIT_CONVERSION = YES;
				GCC_WARN_ABOUT_RETURN_TYPE = YES_ERROR;
				GCC_WARN_UNDECLARED_SELECTOR = YES;
				GCC_WARN_UNINITIALIZED_AUTOS = YES_AGGRESSIVE;
				GCC_WARN_UNUSED_FUNCTION = YES;
				GCC_WARN_UNUSED_VARIABLE = YES;
				IPHONEOS_DEPLOYMENT_TARGET = 16.2;
				MTL_ENABLE_DEBUG_INFO = INCLUDE_SOURCE;
				MTL_FAST_MATH = YES;
				ONLY_ACTIVE_ARCH = YES;
				SDKROOT = iphoneos;
				SWIFT_ACTIVE_COMPILATION_CONDITIONS = DEBUG;
				SWIFT_OPTIMIZATION_LEVEL = "-Onone";
			};
			name = Debug;
		};
		5BCFF17F29DA488F0077622C /* Release */ = {
			isa = XCBuildConfiguration;
			buildSettings = {
				ALWAYS_SEARCH_USER_PATHS = NO;
				CLANG_ANALYZER_NONNULL = YES;
				CLANG_ANALYZER_NUMBER_OBJECT_CONVERSION = YES_AGGRESSIVE;
				CLANG_CXX_LANGUAGE_STANDARD = "gnu++20";
				CLANG_ENABLE_MODULES = YES;
				CLANG_ENABLE_OBJC_ARC = YES;
				CLANG_ENABLE_OBJC_WEAK = YES;
				CLANG_WARN_BLOCK_CAPTURE_AUTORELEASING = YES;
				CLANG_WARN_BOOL_CONVERSION = YES;
				CLANG_WARN_COMMA = YES;
				CLANG_WARN_CONSTANT_CONVERSION = YES;
				CLANG_WARN_DEPRECATED_OBJC_IMPLEMENTATIONS = YES;
				CLANG_WARN_DIRECT_OBJC_ISA_USAGE = YES_ERROR;
				CLANG_WARN_DOCUMENTATION_COMMENTS = YES;
				CLANG_WARN_EMPTY_BODY = YES;
				CLANG_WARN_ENUM_CONVERSION = YES;
				CLANG_WARN_INFINITE_RECURSION = YES;
				CLANG_WARN_INT_CONVERSION = YES;
				CLANG_WARN_NON_LITERAL_NULL_CONVERSION = YES;
				CLANG_WARN_OBJC_IMPLICIT_RETAIN_SELF = YES;
				CLANG_WARN_OBJC_LITERAL_CONVERSION = YES;
				CLANG_WARN_OBJC_ROOT_CLASS = YES_ERROR;
				CLANG_WARN_QUOTED_INCLUDE_IN_FRAMEWORK_HEADER = YES;
				CLANG_WARN_RANGE_LOOP_ANALYSIS = YES;
				CLANG_WARN_STRICT_PROTOTYPES = YES;
				CLANG_WARN_SUSPICIOUS_MOVE = YES;
				CLANG_WARN_UNGUARDED_AVAILABILITY = YES_AGGRESSIVE;
				CLANG_WARN_UNREACHABLE_CODE = YES;
				CLANG_WARN__DUPLICATE_METHOD_MATCH = YES;
				COPY_PHASE_STRIP = NO;
				DEBUG_INFORMATION_FORMAT = "dwarf-with-dsym";
				ENABLE_NS_ASSERTIONS = NO;
				ENABLE_STRICT_OBJC_MSGSEND = YES;
				GCC_C_LANGUAGE_STANDARD = gnu11;
				GCC_NO_COMMON_BLOCKS = YES;
				GCC_WARN_64_TO_32_BIT_CONVERSION = YES;
				GCC_WARN_ABOUT_RETURN_TYPE = YES_ERROR;
				GCC_WARN_UNDECLARED_SELECTOR = YES;
				GCC_WARN_UNINITIALIZED_AUTOS = YES_AGGRESSIVE;
				GCC_WARN_UNUSED_FUNCTION = YES;
				GCC_WARN_UNUSED_VARIABLE = YES;
				IPHONEOS_DEPLOYMENT_TARGET = 16.2;
				MTL_ENABLE_DEBUG_INFO = NO;
				MTL_FAST_MATH = YES;
				SDKROOT = iphoneos;
				SWIFT_COMPILATION_MODE = wholemodule;
				SWIFT_OPTIMIZATION_LEVEL = "-O";
				VALIDATE_PRODUCT = YES;
			};
			name = Release;
		};
		5BCFF18129DA488F0077622C /* Debug */ = {
			isa = XCBuildConfiguration;
			buildSettings = {
				ASSETCATALOG_COMPILER_APPICON_NAME = AppIcon;
				ASSETCATALOG_COMPILER_GLOBAL_ACCENT_COLOR_NAME = AccentColor;
				CODE_SIGN_STYLE = Automatic;
				CURRENT_PROJECT_VERSION = 1;
				DEVELOPMENT_TEAM = 5GQ6QL9S3X;
				GENERATE_INFOPLIST_FILE = YES;
				INFOPLIST_FILE = JolupTest/Info.plist;
				INFOPLIST_KEY_UIApplicationSupportsIndirectInputEvents = YES;
				INFOPLIST_KEY_UILaunchStoryboardName = LaunchScreen;
				INFOPLIST_KEY_UIMainStoryboardFile = Main;
				INFOPLIST_KEY_UISupportedInterfaceOrientations_iPad = "UIInterfaceOrientationPortrait UIInterfaceOrientationPortraitUpsideDown UIInterfaceOrientationLandscapeLeft UIInterfaceOrientationLandscapeRight";
				INFOPLIST_KEY_UISupportedInterfaceOrientations_iPhone = "UIInterfaceOrientationPortrait UIInterfaceOrientationLandscapeLeft UIInterfaceOrientationLandscapeRight";
				LD_RUNPATH_SEARCH_PATHS = (
					"$(inherited)",
					"@executable_path/Frameworks",
				);
				MARKETING_VERSION = 1.0;
				PRODUCT_BUNDLE_IDENTIFIER = com.ruheekim.JolupTest;
				PRODUCT_NAME = "$(TARGET_NAME)";
				SWIFT_EMIT_LOC_STRINGS = YES;
				SWIFT_VERSION = 5.0;
				TARGETED_DEVICE_FAMILY = "1,2";
			};
			name = Debug;
		};
		5BCFF18229DA488F0077622C /* Release */ = {
			isa = XCBuildConfiguration;
			buildSettings = {
				ASSETCATALOG_COMPILER_APPICON_NAME = AppIcon;
				ASSETCATALOG_COMPILER_GLOBAL_ACCENT_COLOR_NAME = AccentColor;
				CODE_SIGN_STYLE = Automatic;
				CURRENT_PROJECT_VERSION = 1;
				DEVELOPMENT_TEAM = 5GQ6QL9S3X;
				GENERATE_INFOPLIST_FILE = YES;
				INFOPLIST_FILE = JolupTest/Info.plist;
				INFOPLIST_KEY_UIApplicationSupportsIndirectInputEvents = YES;
				INFOPLIST_KEY_UILaunchStoryboardName = LaunchScreen;
				INFOPLIST_KEY_UIMainStoryboardFile = Main;
				INFOPLIST_KEY_UISupportedInterfaceOrientations_iPad = "UIInterfaceOrientationPortrait UIInterfaceOrientationPortraitUpsideDown UIInterfaceOrientationLandscapeLeft UIInterfaceOrientationLandscapeRight";
				INFOPLIST_KEY_UISupportedInterfaceOrientations_iPhone = "UIInterfaceOrientationPortrait UIInterfaceOrientationLandscapeLeft UIInterfaceOrientationLandscapeRight";
				LD_RUNPATH_SEARCH_PATHS = (
					"$(inherited)",
					"@executable_path/Frameworks",
				);
				MARKETING_VERSION = 1.0;
				PRODUCT_BUNDLE_IDENTIFIER = com.ruheekim.JolupTest;
				PRODUCT_NAME = "$(TARGET_NAME)";
				SWIFT_EMIT_LOC_STRINGS = YES;
				SWIFT_VERSION = 5.0;
				TARGETED_DEVICE_FAMILY = "1,2";
			};
			name = Release;
		};
/* End XCBuildConfiguration section */

/* Begin XCConfigurationList section */
		5BCFF16729DA488B0077622C /* Build configuration list for PBXProject "JolupTest" */ = {
			isa = XCConfigurationList;
			buildConfigurations = (
				5BCFF17E29DA488F0077622C /* Debug */,
				5BCFF17F29DA488F0077622C /* Release */,
			);
			defaultConfigurationIsVisible = 0;
			defaultConfigurationName = Release;
		};
		5BCFF18029DA488F0077622C /* Build configuration list for PBXNativeTarget "JolupTest" */ = {
			isa = XCConfigurationList;
			buildConfigurations = (
				5BCFF18129DA488F0077622C /* Debug */,
				5BCFF18229DA488F0077622C /* Release */,
			);
			defaultConfigurationIsVisible = 0;
			defaultConfigurationName = Release;
		};
/* End XCConfigurationList section */

/* Begin XCRemoteSwiftPackageReference section */
		5B2B38FF29DE39A9001B3068 /* XCRemoteSwiftPackageReference "Moya" */ = {
			isa = XCRemoteSwiftPackageReference;
			repositoryURL = "https://github.com/Moya/Moya.git";
			requirement = {
				kind = upToNextMajorVersion;
				minimumVersion = 15.0.3;
			};
		};
/* End XCRemoteSwiftPackageReference section */

/* Begin XCSwiftPackageProductDependency section */
		5B2B390029DE39A9001B3068 /* Moya */ = {
			isa = XCSwiftPackageProductDependency;
			package = 5B2B38FF29DE39A9001B3068 /* XCRemoteSwiftPackageReference "Moya" */;
			productName = Moya;
		};
/* End XCSwiftPackageProductDependency section */
	};
	rootObject = 5BCFF16429DA488B0077622C /* Project object */;
}
